
Microsoft Visual Studio Solution File, Format Version 12.00
# Visual Studio Version 17
VisualStudioVersion = 17.14.36119.2 d17.14
MinimumVisualStudioVersion = 10.0.40219.1
Project("{FAE04EC0-301F-11D3-BF4B-00C04F79EFBC}") = "DPM225461_NguyenThiBichQuan_After_ExtractMethod_01", "DPM225461_NguyenThiBichQuan_After_ExtractMethod_01.csproj", "{2911C23E-4CB1-4155-9435-3780B51627A4}"
EndProject
Global
	GlobalSection(SolutionConfigurationPlatforms) = preSolution
		Debug|Any CPU = Debug|Any CPU
		Release|Any CPU = Release|Any CPU
	EndGlobalSection
	GlobalSection(ProjectConfigurationPlatforms) = postSolution
		{2911C23E-4CB1-4155-9435-3780B51627A4}.Debug|Any CPU.ActiveCfg = Debug|Any CPU
		{2911C23E-4CB1-4155-9435-3780B51627A4}.Debug|Any CPU.Build.0 = Debug|Any CPU
		{2911C23E-4CB1-4155-9435-3780B51627A4}.Release|Any CPU.ActiveCfg = Release|Any CPU
		{2911C23E-4CB1-4155-9435-3780B51627A4}.Release|Any CPU.Build.0 = Release|Any CPU
	EndGlobalSection
	GlobalSection(SolutionProperties) = preSolution
		HideSolutionNode = FALSE
	EndGlobalSection
	GlobalSection(ExtensibilityGlobals) = postSolution
		SolutionGuid = {3D5FB8BB-979A-4BFA-9E32-5401B1940961}
	EndGlobalSection
EndGlobal
