
Microsoft Visual Studio Solution File, Format Version 12.00
# Visual Studio Version 17
VisualStudioVersion = 17.14.36119.2 d17.14
MinimumVisualStudioVersion = 10.0.40219.1
Project("{FAE04EC0-301F-11D3-BF4B-00C04F79EFBC}") = "DPM225461_NguyenThiBichQuan_Before_InlineMethod_02", "DPM225461_NguyenThiBichQuan_Before_InlineMethod_02.csproj", "{5B092054-F79D-46D4-BB72-AED37ECEA93A}"
EndProject
Global
	GlobalSection(SolutionConfigurationPlatforms) = preSolution
		Debug|Any CPU = Debug|Any CPU
		Release|Any CPU = Release|Any CPU
	EndGlobalSection
	GlobalSection(ProjectConfigurationPlatforms) = postSolution
		{5B092054-F79D-46D4-BB72-AED37ECEA93A}.Debug|Any CPU.ActiveCfg = Debug|Any CPU
		{5B092054-F79D-46D4-BB72-AED37ECEA93A}.Debug|Any CPU.Build.0 = Debug|Any CPU
		{5B092054-F79D-46D4-BB72-AED37ECEA93A}.Release|Any CPU.ActiveCfg = Release|Any CPU
		{5B092054-F79D-46D4-BB72-AED37ECEA93A}.Release|Any CPU.Build.0 = Release|Any CPU
	EndGlobalSection
	GlobalSection(SolutionProperties) = preSolution
		HideSolutionNode = FALSE
	EndGlobalSection
	GlobalSection(ExtensibilityGlobals) = postSolution
		SolutionGuid = {34BC8FC3-2596-4CE4-BE80-19F0E2FE107D}
	EndGlobalSection
EndGlobal
